
Microsoft Visual Studio Solution File, Format Version 12.00
# Visual Studio Version 16
VisualStudioVersion = 16.0.32428.217
MinimumVisualStudioVersion = 10.0.40219.1
Project("{9A19103F-16F7-4668-BE54-9A1E7A4F7556}") = "Base", "Base\Base.csproj", "{10DD0883-6C0E-47A2-B3EB-967960593E91}"
EndProject
Project("{FAE04EC0-301F-11D3-BF4B-00C04F79EFBC}") = "UnitTesting", "UnitTesting\UnitTesting.csproj", "{851B24AD-4020-4344-BF30-846DE6E480F9}"
EndProject
Global
	GlobalSection(SolutionConfigurationPlatforms) = preSolution
		Debug|Any CPU = Debug|Any CPU
		Release|Any CPU = Release|Any CPU
	EndGlobalSection
	GlobalSection(ProjectConfigurationPlatforms) = postSolution
		{10DD0883-6C0E-47A2-B3EB-967960593E91}.Debug|Any CPU.ActiveCfg = Debug|Any CPU
		{10DD0883-6C0E-47A2-B3EB-967960593E91}.Debug|Any CPU.Build.0 = Debug|Any CPU
		{10DD0883-6C0E-47A2-B3EB-967960593E91}.Release|Any CPU.ActiveCfg = Release|Any CPU
		{10DD0883-6C0E-47A2-B3EB-967960593E91}.Release|Any CPU.Build.0 = Release|Any CPU
		{851B24AD-4020-4344-BF30-846DE6E480F9}.Debug|Any CPU.ActiveCfg = Debug|Any CPU
		{851B24AD-4020-4344-BF30-846DE6E480F9}.Debug|Any CPU.Build.0 = Debug|Any CPU
		{851B24AD-4020-4344-BF30-846DE6E480F9}.Release|Any CPU.ActiveCfg = Release|Any CPU
		{851B24AD-4020-4344-BF30-846DE6E480F9}.Release|Any CPU.Build.0 = Release|Any CPU
	EndGlobalSection
	GlobalSection(SolutionProperties) = preSolution
		HideSolutionNode = FALSE
	EndGlobalSection
	GlobalSection(ExtensibilityGlobals) = postSolution
		SolutionGuid = {96754A61-77F9-4BF8-810E-4D35911D1DD7}
	EndGlobalSection
EndGlobal
